
Microsoft Visual Studio Solution File, Format Version 12.00
# Visual Studio Version 16
VisualStudioVersion = 16.0.31220.234
MinimumVisualStudioVersion = 10.0.40219.1
Project("{9A19103F-16F7-4668-BE54-9A1E7A4F7556}") = "MAUIPreviewMigrate", "MAUIPreviewMigrate\MAUIPreviewMigrate.csproj", "{95B196B9-4809-4888-8CC7-C8B8A78AB17C}"
EndProject
Project("{9A19103F-16F7-4668-BE54-9A1E7A4F7556}") = "MAUIPreviewMigrate.WinUI", "MAUIPreviewMigrate.WinUI\MAUIPreviewMigrate.WinUI.csproj", "{11A74218-3352-4F22-B890-02FA02E6738E}"
EndProject
Global
	GlobalSection(SolutionConfigurationPlatforms) = preSolution
		Debug|Any CPU = Debug|Any CPU
		Release|Any CPU = Release|Any CPU
	EndGlobalSection
	GlobalSection(ProjectConfigurationPlatforms) = postSolution
		{95B196B9-4809-4888-8CC7-C8B8A78AB17C}.Debug|Any CPU.ActiveCfg = Debug|Any CPU
		{95B196B9-4809-4888-8CC7-C8B8A78AB17C}.Debug|Any CPU.Build.0 = Debug|Any CPU
		{95B196B9-4809-4888-8CC7-C8B8A78AB17C}.Debug|Any CPU.Deploy.0 = Debug|Any CPU
		{95B196B9-4809-4888-8CC7-C8B8A78AB17C}.Release|Any CPU.ActiveCfg = Release|Any CPU
		{95B196B9-4809-4888-8CC7-C8B8A78AB17C}.Release|Any CPU.Build.0 = Release|Any CPU
		{95B196B9-4809-4888-8CC7-C8B8A78AB17C}.Release|Any CPU.Deploy.0 = Release|Any CPU
		{11A74218-3352-4F22-B890-02FA02E6738E}.Debug|Any CPU.ActiveCfg = Debug|Any CPU
		{11A74218-3352-4F22-B890-02FA02E6738E}.Debug|Any CPU.Build.0 = Debug|Any CPU
		{11A74218-3352-4F22-B890-02FA02E6738E}.Debug|Any CPU.Deploy.0 = Debug|Any CPU
		{11A74218-3352-4F22-B890-02FA02E6738E}.Release|Any CPU.ActiveCfg = Release|Any CPU
		{11A74218-3352-4F22-B890-02FA02E6738E}.Release|Any CPU.Build.0 = Release|Any CPU
		{11A74218-3352-4F22-B890-02FA02E6738E}.Release|Any CPU.Deploy.0 = Release|Any CPU
	EndGlobalSection
	GlobalSection(SolutionProperties) = preSolution
		HideSolutionNode = FALSE
	EndGlobalSection
	GlobalSection(ExtensibilityGlobals) = postSolution
		SolutionGuid = {61F7FB11-1E47-470C-91E2-47F8143E1572}
	EndGlobalSection
EndGlobal
